
Microsoft Visual Studio Solution File, Format Version 12.00
# Visual Studio 15
VisualStudioVersion = 15.0.27428.2043
MinimumVisualStudioVersion = 10.0.40219.1
Project("{FAE04EC0-301F-11D3-BF4B-00C04F79EFBC}") = "EjerciciosResueltosCsharp", "EjerciciosResueltosCsharp\EjerciciosResueltosCsharp.csproj", "{4318131A-2D79-4A5E-976B-E2B332836934}"
EndProject
Global
	GlobalSection(SolutionConfigurationPlatforms) = preSolution
		Debug|Any CPU = Debug|Any CPU
		Release|Any CPU = Release|Any CPU
	EndGlobalSection
	GlobalSection(ProjectConfigurationPlatforms) = postSolution
		{4318131A-2D79-4A5E-976B-E2B332836934}.Debug|Any CPU.ActiveCfg = Debug|Any CPU
		{4318131A-2D79-4A5E-976B-E2B332836934}.Debug|Any CPU.Build.0 = Debug|Any CPU
		{4318131A-2D79-4A5E-976B-E2B332836934}.Release|Any CPU.ActiveCfg = Release|Any CPU
		{4318131A-2D79-4A5E-976B-E2B332836934}.Release|Any CPU.Build.0 = Release|Any CPU
	EndGlobalSection
	GlobalSection(SolutionProperties) = preSolution
		HideSolutionNode = FALSE
	EndGlobalSection
	GlobalSection(ExtensibilityGlobals) = postSolution
		SolutionGuid = {103E5FC1-0290-4F40-85A5-1900D74A2747}
	EndGlobalSection
EndGlobal
